{
  "name": "high-precision",
  "version": "0.0.1",
  "lockfileVersion": 2,
  "requires": true,
  "packages": {
    "": {
      "name": "high-precision",
      "version": "0.0.1",
      "dependencies": {
        "@types/big.js": "^6.1.3",
        "big.js": "^6.1.1",
        "secretary-like": "file:../secretary-like"
      }
    },
    "../secretary-like": {
      "version": "0.0.1",
      "license": "SEE LICENSE IN ./LICENSE",
      "peerDependencies": {
        "@types/events": "^3.0.0",
        "cancellable": "github:zimtsui/cancellable",
        "startable": "github:zimtsui/startable",
        "time-engine-like": "github:zimtsui/time-engine-like"
      }
    },
    "node_modules/@types/big.js": {
      "version": "6.1.3",
      "resolved": "https://registry.npmmirror.com/@types/big.js/-/big.js-6.1.3.tgz",
      "integrity": "sha512-fHh2h1cFlvGP0kFCqoAsnuQoM0n3xHB6HxgZvELt7dji+BtK/j938MRL0nG5AA45EgibuFcPjgLlkqfUPCyoKw=="
    },
    "node_modules/big.js": {
      "version": "6.1.1",
      "resolved": "https://registry.npmmirror.com/big.js/-/big.js-6.1.1.tgz",
      "integrity": "sha512-1vObw81a8ylZO5ePrtMay0n018TcftpTA5HFKDaSuiUDBo8biRBtjIobw60OpwuvrGk+FsxKamqN4cnmj/eXdg==",
      "engines": {
        "node": "*"
      }
    },
    "node_modules/secretary-like": {
      "resolved": "../secretary-like",
      "link": true
    }
  },
  "dependencies": {
    "@types/big.js": {
      "version": "6.1.3",
      "resolved": "https://registry.npmmirror.com/@types/big.js/-/big.js-6.1.3.tgz",
      "integrity": "sha512-fHh2h1cFlvGP0kFCqoAsnuQoM0n3xHB6HxgZvELt7dji+BtK/j938MRL0nG5AA45EgibuFcPjgLlkqfUPCyoKw=="
    },
    "big.js": {
      "version": "6.1.1",
      "resolved": "https://registry.npmmirror.com/big.js/-/big.js-6.1.1.tgz",
      "integrity": "sha512-1vObw81a8ylZO5ePrtMay0n018TcftpTA5HFKDaSuiUDBo8biRBtjIobw60OpwuvrGk+FsxKamqN4cnmj/eXdg=="
    },
    "secretary-like": {
      "version": "file:../secretary-like",
      "requires": {}
    }
  }
}
